// !$*UTF8*$!
{
	archiveVersion = 1;
	classes = {
	};
	objectVersion = 56;
	objects = {

/* Begin PBXBuildFile section */
		AAEA28AA295BFEA60028B596 /* MarvelAPIApp.swift in Sources */ = {isa = PBXBuildFile; fileRef = AAEA28A9295BFEA60028B596 /* MarvelAPIApp.swift */; };
		AAEA28AC295BFEA60028B596 /* ContentView.swift in Sources */ = {isa = PBXBuildFile; fileRef = AAEA28AB295BFEA60028B596 /* ContentView.swift */; };
		AAEA28AE295BFEA90028B596 /* Assets.xcassets in Resources */ = {isa = PBXBuildFile; fileRef = AAEA28AD295BFEA90028B596 /* Assets.xcassets */; };
		AAEA28B1295BFEA90028B596 /* Preview Assets.xcassets in Resources */ = {isa = PBXBuildFile; fileRef = AAEA28B0295BFEA90028B596 /* Preview Assets.xcassets */; };
		AAEA28B9295C00EC0028B596 /* SDWebImageSwiftUI in Frameworks */ = {isa = PBXBuildFile; productRef = AAEA28B8295C00EC0028B596 /* SDWebImageSwiftUI */; };
		AAEA28BC295C01B80028B596 /* Credentials.swift in Sources */ = {isa = PBXBuildFile; fileRef = AAEA28BB295C01B80028B596 /* Credentials.swift */; };
		AAEA28C1295C01F90028B596 /* Home.swift in Sources */ = {isa = PBXBuildFile; fileRef = AAEA28C0295C01F90028B596 /* Home.swift */; };
		AAEA28C3295C042F0028B596 /* HomeViewModel.swift in Sources */ = {isa = PBXBuildFile; fileRef = AAEA28C2295C042F0028B596 /* HomeViewModel.swift */; };
		AAEA28C5295C04780028B596 /* CharactersView.swift in Sources */ = {isa = PBXBuildFile; fileRef = AAEA28C4295C04780028B596 /* CharactersView.swift */; };
		AAEA28C7295C08930028B596 /* Character.swift in Sources */ = {isa = PBXBuildFile; fileRef = AAEA28C6295C08930028B596 /* Character.swift */; };
		AAEA28CA295C15560028B596 /* WebView.swift in Sources */ = {isa = PBXBuildFile; fileRef = AAEA28C9295C15560028B596 /* WebView.swift */; };
		AAEA28CC295C1DD20028B596 /* ComicsView.swift in Sources */ = {isa = PBXBuildFile; fileRef = AAEA28CB295C1DD20028B596 /* ComicsView.swift */; };
		AAEA28CE295C1DE70028B596 /* Comic.swift in Sources */ = {isa = PBXBuildFile; fileRef = AAEA28CD295C1DE70028B596 /* Comic.swift */; };
/* End PBXBuildFile section */

/* Begin PBXFileReference section */
		AAEA28A6295BFEA60028B596 /* MarvelAPI.app */ = {isa = PBXFileReference; explicitFileType = wrapper.application; includeInIndex = 0; path = MarvelAPI.app; sourceTree = BUILT_PRODUCTS_DIR; };
		AAEA28A9295BFEA60028B596 /* MarvelAPIApp.swift */ = {isa = PBXFileReference; lastKnownFileType = sourcecode.swift; path = MarvelAPIApp.swift; sourceTree = "<group>"; };
		AAEA28AB295BFEA60028B596 /* ContentView.swift */ = {isa = PBXFileReference; lastKnownFileType = sourcecode.swift; path = ContentView.swift; sourceTree = "<group>"; };
		AAEA28AD295BFEA90028B596 /* Assets.xcassets */ = {isa = PBXFileReference; lastKnownFileType = folder.assetcatalog; path = Assets.xcassets; sourceTree = "<group>"; };
		AAEA28B0295BFEA90028B596 /* Preview Assets.xcassets */ = {isa = PBXFileReference; lastKnownFileType = folder.assetcatalog; path = "Preview Assets.xcassets"; sourceTree = "<group>"; };
		AAEA28BB295C01B80028B596 /* Credentials.swift */ = {isa = PBXFileReference; lastKnownFileType = sourcecode.swift; path = Credentials.swift; sourceTree = "<group>"; };
		AAEA28C0295C01F90028B596 /* Home.swift */ = {isa = PBXFileReference; lastKnownFileType = sourcecode.swift; path = Home.swift; sourceTree = "<group>"; };
		AAEA28C2295C042F0028B596 /* HomeViewModel.swift */ = {isa = PBXFileReference; lastKnownFileType = sourcecode.swift; path = HomeViewModel.swift; sourceTree = "<group>"; };
		AAEA28C4295C04780028B596 /* CharactersView.swift */ = {isa = PBXFileReference; lastKnownFileType = sourcecode.swift; path = CharactersView.swift; sourceTree = "<group>"; };
		AAEA28C6295C08930028B596 /* Character.swift */ = {isa = PBXFileReference; lastKnownFileType = sourcecode.swift; path = Character.swift; sourceTree = "<group>"; };
		AAEA28C8295C142A0028B596 /* Info.plist */ = {isa = PBXFileReference; lastKnownFileType = text.plist; path = Info.plist; sourceTree = "<group>"; };
		AAEA28C9295C15560028B596 /* WebView.swift */ = {isa = PBXFileReference; lastKnownFileType = sourcecode.swift; path = WebView.swift; sourceTree = "<group>"; };
		AAEA28CB295C1DD20028B596 /* ComicsView.swift */ = {isa = PBXFileReference; lastKnownFileType = sourcecode.swift; path = ComicsView.swift; sourceTree = "<group>"; };
		AAEA28CD295C1DE70028B596 /* Comic.swift */ = {isa = PBXFileReference; lastKnownFileType = sourcecode.swift; path = Comic.swift; sourceTree = "<group>"; };
/* End PBXFileReference section */

/* Begin PBXFrameworksBuildPhase section */
		AAEA28A3295BFEA60028B596 /* Frameworks */ = {
			isa = PBXFrameworksBuildPhase;
			buildActionMask = 2147483647;
			files = (
				AAEA28B9295C00EC0028B596 /* SDWebImageSwiftUI in Frameworks */,
			);
			runOnlyForDeploymentPostprocessing = 0;
		};
/* End PBXFrameworksBuildPhase section */

/* Begin PBXGroup section */
		AAEA289D295BFEA60028B596 = {
			isa = PBXGroup;
			children = (
				AAEA28A8295BFEA60028B596 /* MarvelAPI */,
				AAEA28A7295BFEA60028B596 /* Products */,
			);
			sourceTree = "<group>";
		};
		AAEA28A7295BFEA60028B596 /* Products */ = {
			isa = PBXGroup;
			children = (
				AAEA28A6295BFEA60028B596 /* MarvelAPI.app */,
			);
			name = Products;
			sourceTree = "<group>";
		};
		AAEA28A8295BFEA60028B596 /* MarvelAPI */ = {
			isa = PBXGroup;
			children = (
				AAEA28C8295C142A0028B596 /* Info.plist */,
				AAEA28BF295C01EC0028B596 /* ViewModel */,
				AAEA28BE295C01E70028B596 /* Model */,
				AAEA28BD295C01E10028B596 /* View */,
				AAEA28A9295BFEA60028B596 /* MarvelAPIApp.swift */,
				AAEA28AB295BFEA60028B596 /* ContentView.swift */,
				AAEA28AD295BFEA90028B596 /* Assets.xcassets */,
				AAEA28AF295BFEA90028B596 /* Preview Content */,
				AAEA28BB295C01B80028B596 /* Credentials.swift */,
			);
			path = MarvelAPI;
			sourceTree = "<group>";
		};
		AAEA28AF295BFEA90028B596 /* Preview Content */ = {
			isa = PBXGroup;
			children = (
				AAEA28B0295BFEA90028B596 /* Preview Assets.xcassets */,
			);
			path = "Preview Content";
			sourceTree = "<group>";
		};
		AAEA28BD295C01E10028B596 /* View */ = {
			isa = PBXGroup;
			children = (
				AAEA28C0295C01F90028B596 /* Home.swift */,
				AAEA28C4295C04780028B596 /* CharactersView.swift */,
				AAEA28C9295C15560028B596 /* WebView.swift */,
				AAEA28CB295C1DD20028B596 /* ComicsView.swift */,
			);
			path = View;
			sourceTree = "<group>";
		};
		AAEA28BE295C01E70028B596 /* Model */ = {
			isa = PBXGroup;
			children = (
				AAEA28C6295C08930028B596 /* Character.swift */,
				AAEA28CD295C1DE70028B596 /* Comic.swift */,
			);
			path = Model;
			sourceTree = "<group>";
		};
		AAEA28BF295C01EC0028B596 /* ViewModel */ = {
			isa = PBXGroup;
			children = (
				AAEA28C2295C042F0028B596 /* HomeViewModel.swift */,
			);
			path = ViewModel;
			sourceTree = "<group>";
		};
/* End PBXGroup section */

/* Begin PBXNativeTarget section */
		AAEA28A5295BFEA60028B596 /* MarvelAPI */ = {
			isa = PBXNativeTarget;
			buildConfigurationList = AAEA28B4295BFEA90028B596 /* Build configuration list for PBXNativeTarget "MarvelAPI" */;
			buildPhases = (
				AAEA28A2295BFEA60028B596 /* Sources */,
				AAEA28A3295BFEA60028B596 /* Frameworks */,
				AAEA28A4295BFEA60028B596 /* Resources */,
			);
			buildRules = (
			);
			dependencies = (
			);
			name = MarvelAPI;
			packageProductDependencies = (
				AAEA28B8295C00EC0028B596 /* SDWebImageSwiftUI */,
			);
			productName = MarvelAPI;
			productReference = AAEA28A6295BFEA60028B596 /* MarvelAPI.app */;
			productType = "com.apple.product-type.application";
		};
/* End PBXNativeTarget section */

/* Begin PBXProject section */
		AAEA289E295BFEA60028B596 /* Project object */ = {
			isa = PBXProject;
			attributes = {
				BuildIndependentTargetsInParallel = 1;
				LastSwiftUpdateCheck = 1420;
				LastUpgradeCheck = 1420;
				TargetAttributes = {
					AAEA28A5295BFEA60028B596 = {
						CreatedOnToolsVersion = 14.2;
					};
				};
			};
			buildConfigurationList = AAEA28A1295BFEA60028B596 /* Build configuration list for PBXProject "MarvelAPI" */;
			compatibilityVersion = "Xcode 14.0";
			developmentRegion = en;
			hasScannedForEncodings = 0;
			knownRegions = (
				en,
				Base,
			);
			mainGroup = AAEA289D295BFEA60028B596;
			packageReferences = (
				AAEA28B7295C00EC0028B596 /* XCRemoteSwiftPackageReference "SDWebImageSwiftUI" */,
			);
			productRefGroup = AAEA28A7295BFEA60028B596 /* Products */;
			projectDirPath = "";
			projectRoot = "";
			targets = (
				AAEA28A5295BFEA60028B596 /* MarvelAPI */,
			);
		};
/* End PBXProject section */

/* Begin PBXResourcesBuildPhase section */
		AAEA28A4295BFEA60028B596 /* Resources */ = {
			isa = PBXResourcesBuildPhase;
			buildActionMask = 2147483647;
			files = (
				AAEA28B1295BFEA90028B596 /* Preview Assets.xcassets in Resources */,
				AAEA28AE295BFEA90028B596 /* Assets.xcassets in Resources */,
			);
			runOnlyForDeploymentPostprocessing = 0;
		};
/* End PBXResourcesBuildPhase section */

/* Begin PBXSourcesBuildPhase section */
		AAEA28A2295BFEA60028B596 /* Sources */ = {
			isa = PBXSourcesBuildPhase;
			buildActionMask = 2147483647;
			files = (
				AAEA28BC295C01B80028B596 /* Credentials.swift in Sources */,
				AAEA28CA295C15560028B596 /* WebView.swift in Sources */,
				AAEA28AC295BFEA60028B596 /* ContentView.swift in Sources */,
				AAEA28CC295C1DD20028B596 /* ComicsView.swift in Sources */,
				AAEA28C7295C08930028B596 /* Character.swift in Sources */,
				AAEA28C5295C04780028B596 /* CharactersView.swift in Sources */,
				AAEA28C1295C01F90028B596 /* Home.swift in Sources */,
				AAEA28CE295C1DE70028B596 /* Comic.swift in Sources */,
				AAEA28C3295C042F0028B596 /* HomeViewModel.swift in Sources */,
				AAEA28AA295BFEA60028B596 /* MarvelAPIApp.swift in Sources */,
			);
			runOnlyForDeploymentPostprocessing = 0;
		};
/* End PBXSourcesBuildPhase section */

/* Begin XCBuildConfiguration section */
		AAEA28B2295BFEA90028B596 /* Debug */ = {
			isa = XCBuildConfiguration;
			buildSettings = {
				ALWAYS_SEARCH_USER_PATHS = NO;
				CLANG_ANALYZER_NONNULL = YES;
				CLANG_ANALYZER_NUMBER_OBJECT_CONVERSION = YES_AGGRESSIVE;
				CLANG_CXX_LANGUAGE_STANDARD = "gnu++20";
				CLANG_ENABLE_MODULES = YES;
				CLANG_ENABLE_OBJC_ARC = YES;
				CLANG_ENABLE_OBJC_WEAK = YES;
				CLANG_WARN_BLOCK_CAPTURE_AUTORELEASING = YES;
				CLANG_WARN_BOOL_CONVERSION = YES;
				CLANG_WARN_COMMA = YES;
				CLANG_WARN_CONSTANT_CONVERSION = YES;
				CLANG_WARN_DEPRECATED_OBJC_IMPLEMENTATIONS = YES;
				CLANG_WARN_DIRECT_OBJC_ISA_USAGE = YES_ERROR;
				CLANG_WARN_DOCUMENTATION_COMMENTS = YES;
				CLANG_WARN_EMPTY_BODY = YES;
				CLANG_WARN_ENUM_CONVERSION = YES;
				CLANG_WARN_INFINITE_RECURSION = YES;
				CLANG_WARN_INT_CONVERSION = YES;
				CLANG_WARN_NON_LITERAL_NULL_CONVERSION = YES;
				CLANG_WARN_OBJC_IMPLICIT_RETAIN_SELF = YES;
				CLANG_WARN_OBJC_LITERAL_CONVERSION = YES;
				CLANG_WARN_OBJC_ROOT_CLASS = YES_ERROR;
				CLANG_WARN_QUOTED_INCLUDE_IN_FRAMEWORK_HEADER = YES;
				CLANG_WARN_RANGE_LOOP_ANALYSIS = YES;
				CLANG_WARN_STRICT_PROTOTYPES = YES;
				CLANG_WARN_SUSPICIOUS_MOVE = YES;
				CLANG_WARN_UNGUARDED_AVAILABILITY = YES_AGGRESSIVE;
				CLANG_WARN_UNREACHABLE_CODE = YES;
				CLANG_WARN__DUPLICATE_METHOD_MATCH = YES;
				COPY_PHASE_STRIP = NO;
				DEBUG_INFORMATION_FORMAT = dwarf;
				ENABLE_STRICT_OBJC_MSGSEND = YES;
				ENABLE_TESTABILITY = YES;
				GCC_C_LANGUAGE_STANDARD = gnu11;
				GCC_DYNAMIC_NO_PIC = NO;
				GCC_NO_COMMON_BLOCKS = YES;
				GCC_OPTIMIZATION_LEVEL = 0;
				GCC_PREPROCESSOR_DEFINITIONS = (
					"DEBUG=1",
					"$(inherited)",
				);
				GCC_WARN_64_TO_32_BIT_CONVERSION = YES;
				GCC_WARN_ABOUT_RETURN_TYPE = YES_ERROR;
				GCC_WARN_UNDECLARED_SELECTOR = YES;
				GCC_WARN_UNINITIALIZED_AUTOS = YES_AGGRESSIVE;
				GCC_WARN_UNUSED_FUNCTION = YES;
				GCC_WARN_UNUSED_VARIABLE = YES;
				IPHONEOS_DEPLOYMENT_TARGET = 16.2;
				MTL_ENABLE_DEBUG_INFO = INCLUDE_SOURCE;
				MTL_FAST_MATH = YES;
				ONLY_ACTIVE_ARCH = YES;
				SDKROOT = iphoneos;
				SWIFT_ACTIVE_COMPILATION_CONDITIONS = DEBUG;
				SWIFT_OPTIMIZATION_LEVEL = "-Onone";
			};
			name = Debug;
		};
		AAEA28B3295BFEA90028B596 /* Release */ = {
			isa = XCBuildConfiguration;
			buildSettings = {
				ALWAYS_SEARCH_USER_PATHS = NO;
				CLANG_ANALYZER_NONNULL = YES;
				CLANG_ANALYZER_NUMBER_OBJECT_CONVERSION = YES_AGGRESSIVE;
				CLANG_CXX_LANGUAGE_STANDARD = "gnu++20";
				CLANG_ENABLE_MODULES = YES;
				CLANG_ENABLE_OBJC_ARC = YES;
				CLANG_ENABLE_OBJC_WEAK = YES;
				CLANG_WARN_BLOCK_CAPTURE_AUTORELEASING = YES;
				CLANG_WARN_BOOL_CONVERSION = YES;
				CLANG_WARN_COMMA = YES;
				CLANG_WARN_CONSTANT_CONVERSION = YES;
				CLANG_WARN_DEPRECATED_OBJC_IMPLEMENTATIONS = YES;
				CLANG_WARN_DIRECT_OBJC_ISA_USAGE = YES_ERROR;
				CLANG_WARN_DOCUMENTATION_COMMENTS = YES;
				CLANG_WARN_EMPTY_BODY = YES;
				CLANG_WARN_ENUM_CONVERSION = YES;
				CLANG_WARN_INFINITE_RECURSION = YES;
				CLANG_WARN_INT_CONVERSION = YES;
				CLANG_WARN_NON_LITERAL_NULL_CONVERSION = YES;
				CLANG_WARN_OBJC_IMPLICIT_RETAIN_SELF = YES;
				CLANG_WARN_OBJC_LITERAL_CONVERSION = YES;
				CLANG_WARN_OBJC_ROOT_CLASS = YES_ERROR;
				CLANG_WARN_QUOTED_INCLUDE_IN_FRAMEWORK_HEADER = YES;
				CLANG_WARN_RANGE_LOOP_ANALYSIS = YES;
				CLANG_WARN_STRICT_PROTOTYPES = YES;
				CLANG_WARN_SUSPICIOUS_MOVE = YES;
				CLANG_WARN_UNGUARDED_AVAILABILITY = YES_AGGRESSIVE;
				CLANG_WARN_UNREACHABLE_CODE = YES;
				CLANG_WARN__DUPLICATE_METHOD_MATCH = YES;
				COPY_PHASE_STRIP = NO;
				DEBUG_INFORMATION_FORMAT = "dwarf-with-dsym";
				ENABLE_NS_ASSERTIONS = NO;
				ENABLE_STRICT_OBJC_MSGSEND = YES;
				GCC_C_LANGUAGE_STANDARD = gnu11;
				GCC_NO_COMMON_BLOCKS = YES;
				GCC_WARN_64_TO_32_BIT_CONVERSION = YES;
				GCC_WARN_ABOUT_RETURN_TYPE = YES_ERROR;
				GCC_WARN_UNDECLARED_SELECTOR = YES;
				GCC_WARN_UNINITIALIZED_AUTOS = YES_AGGRESSIVE;
				GCC_WARN_UNUSED_FUNCTION = YES;
				GCC_WARN_UNUSED_VARIABLE = YES;
				IPHONEOS_DEPLOYMENT_TARGET = 16.2;
				MTL_ENABLE_DEBUG_INFO = NO;
				MTL_FAST_MATH = YES;
				SDKROOT = iphoneos;
				SWIFT_COMPILATION_MODE = wholemodule;
				SWIFT_OPTIMIZATION_LEVEL = "-O";
				VALIDATE_PRODUCT = YES;
			};
			name = Release;
		};
		AAEA28B5295BFEA90028B596 /* Debug */ = {
			isa = XCBuildConfiguration;
			buildSettings = {
				ASSETCATALOG_COMPILER_APPICON_NAME = AppIcon;
				ASSETCATALOG_COMPILER_GLOBAL_ACCENT_COLOR_NAME = AccentColor;
				CODE_SIGN_STYLE = Automatic;
				CURRENT_PROJECT_VERSION = 1;
				DEVELOPMENT_ASSET_PATHS = "\"MarvelAPI/Preview Content\"";
				DEVELOPMENT_TEAM = 2UYV54B9WB;
				ENABLE_PREVIEWS = YES;
				GENERATE_INFOPLIST_FILE = YES;
				INFOPLIST_FILE = MarvelAPI/Info.plist;
				INFOPLIST_KEY_UIApplicationSceneManifest_Generation = YES;
				INFOPLIST_KEY_UIApplicationSupportsIndirectInputEvents = YES;
				INFOPLIST_KEY_UILaunchScreen_Generation = YES;
				INFOPLIST_KEY_UISupportedInterfaceOrientations_iPad = "UIInterfaceOrientationPortrait UIInterfaceOrientationPortraitUpsideDown UIInterfaceOrientationLandscapeLeft UIInterfaceOrientationLandscapeRight";
				INFOPLIST_KEY_UISupportedInterfaceOrientations_iPhone = "UIInterfaceOrientationPortrait UIInterfaceOrientationLandscapeLeft UIInterfaceOrientationLandscapeRight";
				LD_RUNPATH_SEARCH_PATHS = (
					"$(inherited)",
					"@executable_path/Frameworks",
				);
				MARKETING_VERSION = 1.0;
				PRODUCT_BUNDLE_IDENTIFIER = com.alaxhenry.MarvelAPI;
				PRODUCT_NAME = "$(TARGET_NAME)";
				SWIFT_EMIT_LOC_STRINGS = YES;
				SWIFT_VERSION = 5.0;
				TARGETED_DEVICE_FAMILY = "1,2";
			};
			name = Debug;
		};
		AAEA28B6295BFEA90028B596 /* Release */ = {
			isa = XCBuildConfiguration;
			buildSettings = {
				ASSETCATALOG_COMPILER_APPICON_NAME = AppIcon;
				ASSETCATALOG_COMPILER_GLOBAL_ACCENT_COLOR_NAME = AccentColor;
				CODE_SIGN_STYLE = Automatic;
				CURRENT_PROJECT_VERSION = 1;
				DEVELOPMENT_ASSET_PATHS = "\"MarvelAPI/Preview Content\"";
				DEVELOPMENT_TEAM = 2UYV54B9WB;
				ENABLE_PREVIEWS = YES;
				GENERATE_INFOPLIST_FILE = YES;
				INFOPLIST_FILE = MarvelAPI/Info.plist;
				INFOPLIST_KEY_UIApplicationSceneManifest_Generation = YES;
				INFOPLIST_KEY_UIApplicationSupportsIndirectInputEvents = YES;
				INFOPLIST_KEY_UILaunchScreen_Generation = YES;
				INFOPLIST_KEY_UISupportedInterfaceOrientations_iPad = "UIInterfaceOrientationPortrait UIInterfaceOrientationPortraitUpsideDown UIInterfaceOrientationLandscapeLeft UIInterfaceOrientationLandscapeRight";
				INFOPLIST_KEY_UISupportedInterfaceOrientations_iPhone = "UIInterfaceOrientationPortrait UIInterfaceOrientationLandscapeLeft UIInterfaceOrientationLandscapeRight";
				LD_RUNPATH_SEARCH_PATHS = (
					"$(inherited)",
					"@executable_path/Frameworks",
				);
				MARKETING_VERSION = 1.0;
				PRODUCT_BUNDLE_IDENTIFIER = com.alaxhenry.MarvelAPI;
				PRODUCT_NAME = "$(TARGET_NAME)";
				SWIFT_EMIT_LOC_STRINGS = YES;
				SWIFT_VERSION = 5.0;
				TARGETED_DEVICE_FAMILY = "1,2";
			};
			name = Release;
		};
/* End XCBuildConfiguration section */

/* Begin XCConfigurationList section */
		AAEA28A1295BFEA60028B596 /* Build configuration list for PBXProject "MarvelAPI" */ = {
			isa = XCConfigurationList;
			buildConfigurations = (
				AAEA28B2295BFEA90028B596 /* Debug */,
				AAEA28B3295BFEA90028B596 /* Release */,
			);
			defaultConfigurationIsVisible = 0;
			defaultConfigurationName = Release;
		};
		AAEA28B4295BFEA90028B596 /* Build configuration list for PBXNativeTarget "MarvelAPI" */ = {
			isa = XCConfigurationList;
			buildConfigurations = (
				AAEA28B5295BFEA90028B596 /* Debug */,
				AAEA28B6295BFEA90028B596 /* Release */,
			);
			defaultConfigurationIsVisible = 0;
			defaultConfigurationName = Release;
		};
/* End XCConfigurationList section */

/* Begin XCRemoteSwiftPackageReference section */
		AAEA28B7295C00EC0028B596 /* XCRemoteSwiftPackageReference "SDWebImageSwiftUI" */ = {
			isa = XCRemoteSwiftPackageReference;
			repositoryURL = "https://github.com/SDWebImage/SDWebImageSwiftUI.git";
			requirement = {
				kind = upToNextMajorVersion;
				minimumVersion = 2.0.0;
			};
		};
/* End XCRemoteSwiftPackageReference section */

/* Begin XCSwiftPackageProductDependency section */
		AAEA28B8295C00EC0028B596 /* SDWebImageSwiftUI */ = {
			isa = XCSwiftPackageProductDependency;
			package = AAEA28B7295C00EC0028B596 /* XCRemoteSwiftPackageReference "SDWebImageSwiftUI" */;
			productName = SDWebImageSwiftUI;
		};
/* End XCSwiftPackageProductDependency section */
	};
	rootObject = AAEA289E295BFEA60028B596 /* Project object */;
}
